
Microsoft Visual Studio Solution File, Format Version 11.00
# Visual Studio 2010
Project("{FAE04EC0-301F-11D3-BF4B-00C04F79EFBC}") = "Assembly-CSharp", "Assembly-CSharp.csproj", "{a5cddd66-2a66-ccb1-3edd-9d0d4be00e18}"
EndProject
Project("{FAE04EC0-301F-11D3-BF4B-00C04F79EFBC}") = "Assembly-CSharp-firstpass", "Assembly-CSharp-firstpass.csproj", "{9a6f8680-8646-7913-a53f-d28722cd3d8f}"
EndProject
Project("{FAE04EC0-301F-11D3-BF4B-00C04F79EFBC}") = "Assembly-CSharp-Editor-firstpass", "Assembly-CSharp-Editor-firstpass.csproj", "{cb461491-ff9b-880a-0bbc-11e2850433bc}"
EndProject
Global
	GlobalSection(SolutionConfigurationPlatforms) = preSolution
		Debug|Any CPU = Debug|Any CPU
	EndGlobalSection
	GlobalSection(ProjectConfigurationPlatforms) = postSolution
		{a5cddd66-2a66-ccb1-3edd-9d0d4be00e18}.Debug|Any CPU.ActiveCfg = Debug|Any CPU
		{a5cddd66-2a66-ccb1-3edd-9d0d4be00e18}.Debug|Any CPU.Build.0 = Debug|Any CPU
		{9a6f8680-8646-7913-a53f-d28722cd3d8f}.Debug|Any CPU.ActiveCfg = Debug|Any CPU
		{9a6f8680-8646-7913-a53f-d28722cd3d8f}.Debug|Any CPU.Build.0 = Debug|Any CPU
		{cb461491-ff9b-880a-0bbc-11e2850433bc}.Debug|Any CPU.ActiveCfg = Debug|Any CPU
		{cb461491-ff9b-880a-0bbc-11e2850433bc}.Debug|Any CPU.Build.0 = Debug|Any CPU
	EndGlobalSection
	GlobalSection(SolutionProperties) = preSolution
		HideSolutionNode = FALSE
	EndGlobalSection
EndGlobal
